
Microsoft Visual Studio Solution File, Format Version 12.00
# Visual Studio Version 16
VisualStudioVersion = 16.0.31624.102
MinimumVisualStudioVersion = 10.0.40219.1
Project("{FAE04EC0-301F-11D3-BF4B-00C04F79EFBC}") = "HamburgerMenu", "HamburgerMenu\HamburgerMenu.csproj", "{CF1B7D25-4744-4B04-B725-7F2D8223806B}"
EndProject
Project("{FAE04EC0-301F-11D3-BF4B-00C04F79EFBC}") = "Project", "HamburgerMenuDemo\Project.csproj", "{C987C1BB-C5A2-4EF2-96DB-C7C55C4FE23C}"
EndProject
Global
	GlobalSection(SolutionConfigurationPlatforms) = preSolution
		Debug|Any CPU = Debug|Any CPU
		Release|Any CPU = Release|Any CPU
	EndGlobalSection
	GlobalSection(ProjectConfigurationPlatforms) = postSolution
		{CF1B7D25-4744-4B04-B725-7F2D8223806B}.Debug|Any CPU.ActiveCfg = Debug|Any CPU
		{CF1B7D25-4744-4B04-B725-7F2D8223806B}.Debug|Any CPU.Build.0 = Debug|Any CPU
		{CF1B7D25-4744-4B04-B725-7F2D8223806B}.Release|Any CPU.ActiveCfg = Release|Any CPU
		{CF1B7D25-4744-4B04-B725-7F2D8223806B}.Release|Any CPU.Build.0 = Release|Any CPU
		{C987C1BB-C5A2-4EF2-96DB-C7C55C4FE23C}.Debug|Any CPU.ActiveCfg = Debug|Any CPU
		{C987C1BB-C5A2-4EF2-96DB-C7C55C4FE23C}.Debug|Any CPU.Build.0 = Debug|Any CPU
		{C987C1BB-C5A2-4EF2-96DB-C7C55C4FE23C}.Release|Any CPU.ActiveCfg = Release|Any CPU
		{C987C1BB-C5A2-4EF2-96DB-C7C55C4FE23C}.Release|Any CPU.Build.0 = Release|Any CPU
	EndGlobalSection
	GlobalSection(SolutionProperties) = preSolution
		HideSolutionNode = FALSE
	EndGlobalSection
	GlobalSection(ExtensibilityGlobals) = postSolution
		SolutionGuid = {DCCBC042-827F-44B0-B46B-7F536A2701D2}
	EndGlobalSection
EndGlobal
